<?xml version="1.0" encoding="utf-8"?>
<Project ToolsVersion="4.0" xmlns="http://schemas.microsoft.com/developer/msbuild/2003">
  <ItemGroup>
    <Filter Include="Файлы заголовков">
      <UniqueIdentifier>{93995380-89BD-4b04-88EB-625FBE52EBFB}</UniqueIdentifier>
      <Extensions>h;hh;hpp;hxx;hm;inl;inc;ipp;xsd</Extensions>
    </Filter>
    <Filter Include="Файлы ресурсов">
      <UniqueIdentifier>{67DA6AB6-F800-4c08-8B7A-83BB121AAD01}</UniqueIdentifier>
      <Extensions>rc;ico;cur;bmp;dlg;rc2;rct;bin;rgs;gif;jpg;jpeg;jpe;resx;tiff;tif;png;wav;mfcribbon-ms</Extensions>
    </Filter>
    <Filter Include="WebServer">
      <UniqueIdentifier>{011bf756-960d-40a7-9167-96b19f1c79f9}</UniqueIdentifier>
    </Filter>
    <Filter Include="WebServer\src">
      <UniqueIdentifier>{1a0a9323-a2fa-41df-a9e5-262f23d8fed2}</UniqueIdentifier>
    </Filter>
    <Filter Include="Исходные файлы">
      <UniqueIdentifier>{4FC737F1-C7A5-4376-A066-2A32D752A2FF}</UniqueIdentifier>
      <Extensions>cpp;c;cc;cxx;def;odl;idl;hpj;bat;asm;asmx</Extensions>
    </Filter>
    <Filter Include="Resource">
      <UniqueIdentifier>{5a94bced-40fa-45fe-8f07-1c360bd09844}</UniqueIdentifier>
    </Filter>
  </ItemGroup>
  <ItemGroup>
    <ClCompile Include="cpp_webserver.cpp">
      <Filter>Исходные файлы</Filter>
    </ClCompile>
    <ClCompile Include="Request.cpp">
      <Filter>WebServer\src</Filter>
    </ClCompile>
    <ClCompile Include="Responce.cpp">
      <Filter>WebServer\src</Filter>
    </ClCompile>
    <ClCompile Include="Server.cpp">
      <Filter>WebServer\src</Filter>
    </ClCompile>
  </ItemGroup>
  <ItemGroup>
    <ClInclude Include="Request.h">
      <Filter>WebServer</Filter>
    </ClInclude>
    <ClInclude Include="Responce.h">
      <Filter>WebServer</Filter>
    </ClInclude>
    <ClInclude Include="Server.h">
      <Filter>WebServer</Filter>
    </ClInclude>
  </ItemGroup>
  <ItemGroup>
    <None Include="Resources\dashboard.htm">
      <Filter>Resource</Filter>
    </None>
    <None Include="Resources\login.htm">
      <Filter>Resource</Filter>
    </None>
    <None Include="Resources\menu.htm">
      <Filter>Resource</Filter>
    </None>
    <None Include="Resources\style.css">
      <Filter>Resource</Filter>
    </None>
    <None Include="Resources\devices.htm">
      <Filter>Resource</Filter>
    </None>
    <None Include="Resources\history.htm">
      <Filter>Resource</Filter>
    </None>
    <None Include="Resources\logout.htm">
      <Filter>Resource</Filter>
    </None>
    <None Include="Resources\menu.shtm">
      <Filter>Resource</Filter>
    </None>
    <None Include="Resources\schedule.htm">
      <Filter>Resource</Filter>
    </None>
    <None Include="Resources\sysmonitor.htm">
      <Filter>Resource</Filter>
    </None>
  </ItemGroup>
  <ItemGroup>
    <Text Include="Resources\RedirectionList.txt">
      <Filter>Resource</Filter>
    </Text>
  </ItemGroup>
</Project>