
Microsoft Visual Studio Solution File, Format Version 12.00
# Visual Studio Version 16
VisualStudioVersion = 16.0.28917.181
MinimumVisualStudioVersion = 10.0.40219.1
Project("{8BC9CEB8-8B4A-11D0-8D11-00A0C91BC942}") = "cpp_webserver", "cpp_webserver.vcxproj", "{A732D5E1-0189-4E99-8021-C0293444185A}"
EndProject
Global
	GlobalSection(SolutionConfigurationPlatforms) = preSolution
		Debug|x64 = Debug|x64
		Debug|x86 = Debug|x86
		Release|x64 = Release|x64
		Release|x86 = Release|x86
	EndGlobalSection
	GlobalSection(ProjectConfigurationPlatforms) = postSolution
		{A732D5E1-0189-4E99-8021-C0293444185A}.Debug|x64.ActiveCfg = Debug|x64
		{A732D5E1-0189-4E99-8021-C0293444185A}.Debug|x64.Build.0 = Debug|x64
		{A732D5E1-0189-4E99-8021-C0293444185A}.Debug|x86.ActiveCfg = Debug|Win32
		{A732D5E1-0189-4E99-8021-C0293444185A}.Debug|x86.Build.0 = Debug|Win32
		{A732D5E1-0189-4E99-8021-C0293444185A}.Release|x64.ActiveCfg = Release|x64
		{A732D5E1-0189-4E99-8021-C0293444185A}.Release|x64.Build.0 = Release|x64
		{A732D5E1-0189-4E99-8021-C0293444185A}.Release|x86.ActiveCfg = Release|Win32
		{A732D5E1-0189-4E99-8021-C0293444185A}.Release|x86.Build.0 = Release|Win32
	EndGlobalSection
	GlobalSection(SolutionProperties) = preSolution
		HideSolutionNode = FALSE
	EndGlobalSection
	GlobalSection(ExtensibilityGlobals) = postSolution
		SolutionGuid = {4F4348FA-5253-4C58-BB1A-823D4C1D5D82}
	EndGlobalSection
EndGlobal
